// !$*UTF8*$!
{
	archiveVersion = 1;
	classes = {
	};
	objectVersion = 50;
	objects = {

/* Begin PBXBuildFile section */
		7734790525F58BB700E53236 /* AppDelegate.swift in Sources */ = {isa = PBXBuildFile; fileRef = 7734790425F58BB700E53236 /* AppDelegate.swift */; };
		7734790725F58BB700E53236 /* SceneDelegate.swift in Sources */ = {isa = PBXBuildFile; fileRef = 7734790625F58BB700E53236 /* SceneDelegate.swift */; };
		7734790925F58BB700E53236 /* ViewController.swift in Sources */ = {isa = PBXBuildFile; fileRef = 7734790825F58BB700E53236 /* ViewController.swift */; };
		7734790C25F58BB700E53236 /* Main.storyboard in Resources */ = {isa = PBXBuildFile; fileRef = 7734790A25F58BB700E53236 /* Main.storyboard */; };
		7734790E25F58BBA00E53236 /* Assets.xcassets in Resources */ = {isa = PBXBuildFile; fileRef = 7734790D25F58BBA00E53236 /* Assets.xcassets */; };
		7734791125F58BBA00E53236 /* LaunchScreen.storyboard in Resources */ = {isa = PBXBuildFile; fileRef = 7734790F25F58BBA00E53236 /* LaunchScreen.storyboard */; };
		7734791A25F6ACC800E53236 /* Constants.swift in Sources */ = {isa = PBXBuildFile; fileRef = 7734791925F6ACC800E53236 /* Constants.swift */; };
		7734791D25F6AEDA00E53236 /* Video.swift in Sources */ = {isa = PBXBuildFile; fileRef = 7734791C25F6AEDA00E53236 /* Video.swift */; };
		7734792025F6B11F00E53236 /* Model.swift in Sources */ = {isa = PBXBuildFile; fileRef = 7734791F25F6B11F00E53236 /* Model.swift */; };
/* End PBXBuildFile section */

/* Begin PBXFileReference section */
		7734790125F58BB700E53236 /* DegisimRehberi.app */ = {isa = PBXFileReference; explicitFileType = wrapper.application; includeInIndex = 0; path = DegisimRehberi.app; sourceTree = BUILT_PRODUCTS_DIR; };
		7734790425F58BB700E53236 /* AppDelegate.swift */ = {isa = PBXFileReference; lastKnownFileType = sourcecode.swift; path = AppDelegate.swift; sourceTree = "<group>"; };
		7734790625F58BB700E53236 /* SceneDelegate.swift */ = {isa = PBXFileReference; lastKnownFileType = sourcecode.swift; path = SceneDelegate.swift; sourceTree = "<group>"; };
		7734790825F58BB700E53236 /* ViewController.swift */ = {isa = PBXFileReference; lastKnownFileType = sourcecode.swift; path = ViewController.swift; sourceTree = "<group>"; };
		7734790B25F58BB700E53236 /* Base */ = {isa = PBXFileReference; lastKnownFileType = file.storyboard; name = Base; path = Base.lproj/Main.storyboard; sourceTree = "<group>"; };
		7734790D25F58BBA00E53236 /* Assets.xcassets */ = {isa = PBXFileReference; lastKnownFileType = folder.assetcatalog; path = Assets.xcassets; sourceTree = "<group>"; };
		7734791025F58BBA00E53236 /* Base */ = {isa = PBXFileReference; lastKnownFileType = file.storyboard; name = Base; path = Base.lproj/LaunchScreen.storyboard; sourceTree = "<group>"; };
		7734791225F58BBA00E53236 /* Info.plist */ = {isa = PBXFileReference; lastKnownFileType = text.plist.xml; path = Info.plist; sourceTree = "<group>"; };
		7734791925F6ACC800E53236 /* Constants.swift */ = {isa = PBXFileReference; lastKnownFileType = sourcecode.swift; path = Constants.swift; sourceTree = "<group>"; };
		7734791C25F6AEDA00E53236 /* Video.swift */ = {isa = PBXFileReference; lastKnownFileType = sourcecode.swift; path = Video.swift; sourceTree = "<group>"; };
		7734791F25F6B11F00E53236 /* Model.swift */ = {isa = PBXFileReference; lastKnownFileType = sourcecode.swift; path = Model.swift; sourceTree = "<group>"; };
/* End PBXFileReference section */

/* Begin PBXFrameworksBuildPhase section */
		773478FE25F58BB700E53236 /* Frameworks */ = {
			isa = PBXFrameworksBuildPhase;
			buildActionMask = 2147483647;
			files = (
			);
			runOnlyForDeploymentPostprocessing = 0;
		};
/* End PBXFrameworksBuildPhase section */

/* Begin PBXGroup section */
		773478F825F58BB700E53236 = {
			isa = PBXGroup;
			children = (
				7734790325F58BB700E53236 /* DegisimRehberi */,
				7734790225F58BB700E53236 /* Products */,
			);
			sourceTree = "<group>";
		};
		7734790225F58BB700E53236 /* Products */ = {
			isa = PBXGroup;
			children = (
				7734790125F58BB700E53236 /* DegisimRehberi.app */,
			);
			name = Products;
			sourceTree = "<group>";
		};
		7734790325F58BB700E53236 /* DegisimRehberi */ = {
			isa = PBXGroup;
			children = (
				7734790425F58BB700E53236 /* AppDelegate.swift */,
				7734790625F58BB700E53236 /* SceneDelegate.swift */,
				7734790825F58BB700E53236 /* ViewController.swift */,
				7734791C25F6AEDA00E53236 /* Video.swift */,
				7734791F25F6B11F00E53236 /* Model.swift */,
				7734790A25F58BB700E53236 /* Main.storyboard */,
				7734790D25F58BBA00E53236 /* Assets.xcassets */,
				7734790F25F58BBA00E53236 /* LaunchScreen.storyboard */,
				7734791225F58BBA00E53236 /* Info.plist */,
				7734791925F6ACC800E53236 /* Constants.swift */,
			);
			path = DegisimRehberi;
			sourceTree = "<group>";
		};
/* End PBXGroup section */

/* Begin PBXNativeTarget section */
		7734790025F58BB700E53236 /* DegisimRehberi */ = {
			isa = PBXNativeTarget;
			buildConfigurationList = 7734791525F58BBA00E53236 /* Build configuration list for PBXNativeTarget "DegisimRehberi" */;
			buildPhases = (
				773478FD25F58BB700E53236 /* Sources */,
				773478FE25F58BB700E53236 /* Frameworks */,
				773478FF25F58BB700E53236 /* Resources */,
			);
			buildRules = (
			);
			dependencies = (
			);
			name = DegisimRehberi;
			productName = DegisimRehberi;
			productReference = 7734790125F58BB700E53236 /* DegisimRehberi.app */;
			productType = "com.apple.product-type.application";
		};
/* End PBXNativeTarget section */

/* Begin PBXProject section */
		773478F925F58BB700E53236 /* Project object */ = {
			isa = PBXProject;
			attributes = {
				LastSwiftUpdateCheck = 1240;
				LastUpgradeCheck = 1240;
				TargetAttributes = {
					7734790025F58BB700E53236 = {
						CreatedOnToolsVersion = 12.4;
					};
				};
			};
			buildConfigurationList = 773478FC25F58BB700E53236 /* Build configuration list for PBXProject "DegisimRehberi" */;
			compatibilityVersion = "Xcode 9.3";
			developmentRegion = en;
			hasScannedForEncodings = 0;
			knownRegions = (
				en,
				Base,
			);
			mainGroup = 773478F825F58BB700E53236;
			productRefGroup = 7734790225F58BB700E53236 /* Products */;
			projectDirPath = "";
			projectRoot = "";
			targets = (
				7734790025F58BB700E53236 /* DegisimRehberi */,
			);
		};
/* End PBXProject section */

/* Begin PBXResourcesBuildPhase section */
		773478FF25F58BB700E53236 /* Resources */ = {
			isa = PBXResourcesBuildPhase;
			buildActionMask = 2147483647;
			files = (
				7734791125F58BBA00E53236 /* LaunchScreen.storyboard in Resources */,
				7734790E25F58BBA00E53236 /* Assets.xcassets in Resources */,
				7734790C25F58BB700E53236 /* Main.storyboard in Resources */,
			);
			runOnlyForDeploymentPostprocessing = 0;
		};
/* End PBXResourcesBuildPhase section */

/* Begin PBXSourcesBuildPhase section */
		773478FD25F58BB700E53236 /* Sources */ = {
			isa = PBXSourcesBuildPhase;
			buildActionMask = 2147483647;
			files = (
				7734790925F58BB700E53236 /* ViewController.swift in Sources */,
				7734790525F58BB700E53236 /* AppDelegate.swift in Sources */,
				7734790725F58BB700E53236 /* SceneDelegate.swift in Sources */,
				7734792025F6B11F00E53236 /* Model.swift in Sources */,
				7734791A25F6ACC800E53236 /* Constants.swift in Sources */,
				7734791D25F6AEDA00E53236 /* Video.swift in Sources */,
			);
			runOnlyForDeploymentPostprocessing = 0;
		};
/* End PBXSourcesBuildPhase section */

/* Begin PBXVariantGroup section */
		7734790A25F58BB700E53236 /* Main.storyboard */ = {
			isa = PBXVariantGroup;
			children = (
				7734790B25F58BB700E53236 /* Base */,
			);
			name = Main.storyboard;
			sourceTree = "<group>";
		};
		7734790F25F58BBA00E53236 /* LaunchScreen.storyboard */ = {
			isa = PBXVariantGroup;
			children = (
				7734791025F58BBA00E53236 /* Base */,
			);
			name = LaunchScreen.storyboard;
			sourceTree = "<group>";
		};
/* End PBXVariantGroup section */

/* Begin XCBuildConfiguration section */
		7734791325F58BBA00E53236 /* Debug */ = {
			isa = XCBuildConfiguration;
			buildSettings = {
				ALWAYS_SEARCH_USER_PATHS = NO;
				CLANG_ANALYZER_NONNULL = YES;
				CLANG_ANALYZER_NUMBER_OBJECT_CONVERSION = YES_AGGRESSIVE;
				CLANG_CXX_LANGUAGE_STANDARD = "gnu++14";
				CLANG_CXX_LIBRARY = "libc++";
				CLANG_ENABLE_MODULES = YES;
				CLANG_ENABLE_OBJC_ARC = YES;
				CLANG_ENABLE_OBJC_WEAK = YES;
				CLANG_WARN_BLOCK_CAPTURE_AUTORELEASING = YES;
				CLANG_WARN_BOOL_CONVERSION = YES;
				CLANG_WARN_COMMA = YES;
				CLANG_WARN_CONSTANT_CONVERSION = YES;
				CLANG_WARN_DEPRECATED_OBJC_IMPLEMENTATIONS = YES;
				CLANG_WARN_DIRECT_OBJC_ISA_USAGE = YES_ERROR;
				CLANG_WARN_DOCUMENTATION_COMMENTS = YES;
				CLANG_WARN_EMPTY_BODY = YES;
				CLANG_WARN_ENUM_CONVERSION = YES;
				CLANG_WARN_INFINITE_RECURSION = YES;
				CLANG_WARN_INT_CONVERSION = YES;
				CLANG_WARN_NON_LITERAL_NULL_CONVERSION = YES;
				CLANG_WARN_OBJC_IMPLICIT_RETAIN_SELF = YES;
				CLANG_WARN_OBJC_LITERAL_CONVERSION = YES;
				CLANG_WARN_OBJC_ROOT_CLASS = YES_ERROR;
				CLANG_WARN_QUOTED_INCLUDE_IN_FRAMEWORK_HEADER = YES;
				CLANG_WARN_RANGE_LOOP_ANALYSIS = YES;
				CLANG_WARN_STRICT_PROTOTYPES = YES;
				CLANG_WARN_SUSPICIOUS_MOVE = YES;
				CLANG_WARN_UNGUARDED_AVAILABILITY = YES_AGGRESSIVE;
				CLANG_WARN_UNREACHABLE_CODE = YES;
				CLANG_WARN__DUPLICATE_METHOD_MATCH = YES;
				COPY_PHASE_STRIP = NO;
				DEBUG_INFORMATION_FORMAT = dwarf;
				ENABLE_STRICT_OBJC_MSGSEND = YES;
				ENABLE_TESTABILITY = YES;
				GCC_C_LANGUAGE_STANDARD = gnu11;
				GCC_DYNAMIC_NO_PIC = NO;
				GCC_NO_COMMON_BLOCKS = YES;
				GCC_OPTIMIZATION_LEVEL = 0;
				GCC_PREPROCESSOR_DEFINITIONS = (
					"DEBUG=1",
					"$(inherited)",
				);
				GCC_WARN_64_TO_32_BIT_CONVERSION = YES;
				GCC_WARN_ABOUT_RETURN_TYPE = YES_ERROR;
				GCC_WARN_UNDECLARED_SELECTOR = YES;
				GCC_WARN_UNINITIALIZED_AUTOS = YES_AGGRESSIVE;
				GCC_WARN_UNUSED_FUNCTION = YES;
				GCC_WARN_UNUSED_VARIABLE = YES;
				IPHONEOS_DEPLOYMENT_TARGET = 14.4;
				MTL_ENABLE_DEBUG_INFO = INCLUDE_SOURCE;
				MTL_FAST_MATH = YES;
				ONLY_ACTIVE_ARCH = YES;
				SDKROOT = iphoneos;
				SWIFT_ACTIVE_COMPILATION_CONDITIONS = DEBUG;
				SWIFT_OPTIMIZATION_LEVEL = "-Onone";
			};
			name = Debug;
		};
		7734791425F58BBA00E53236 /* Release */ = {
			isa = XCBuildConfiguration;
			buildSettings = {
				ALWAYS_SEARCH_USER_PATHS = NO;
				CLANG_ANALYZER_NONNULL = YES;
				CLANG_ANALYZER_NUMBER_OBJECT_CONVERSION = YES_AGGRESSIVE;
				CLANG_CXX_LANGUAGE_STANDARD = "gnu++14";
				CLANG_CXX_LIBRARY = "libc++";
				CLANG_ENABLE_MODULES = YES;
				CLANG_ENABLE_OBJC_ARC = YES;
				CLANG_ENABLE_OBJC_WEAK = YES;
				CLANG_WARN_BLOCK_CAPTURE_AUTORELEASING = YES;
				CLANG_WARN_BOOL_CONVERSION = YES;
				CLANG_WARN_COMMA = YES;
				CLANG_WARN_CONSTANT_CONVERSION = YES;
				CLANG_WARN_DEPRECATED_OBJC_IMPLEMENTATIONS = YES;
				CLANG_WARN_DIRECT_OBJC_ISA_USAGE = YES_ERROR;
				CLANG_WARN_DOCUMENTATION_COMMENTS = YES;
				CLANG_WARN_EMPTY_BODY = YES;
				CLANG_WARN_ENUM_CONVERSION = YES;
				CLANG_WARN_INFINITE_RECURSION = YES;
				CLANG_WARN_INT_CONVERSION = YES;
				CLANG_WARN_NON_LITERAL_NULL_CONVERSION = YES;
				CLANG_WARN_OBJC_IMPLICIT_RETAIN_SELF = YES;
				CLANG_WARN_OBJC_LITERAL_CONVERSION = YES;
				CLANG_WARN_OBJC_ROOT_CLASS = YES_ERROR;
				CLANG_WARN_QUOTED_INCLUDE_IN_FRAMEWORK_HEADER = YES;
				CLANG_WARN_RANGE_LOOP_ANALYSIS = YES;
				CLANG_WARN_STRICT_PROTOTYPES = YES;
				CLANG_WARN_SUSPICIOUS_MOVE = YES;
				CLANG_WARN_UNGUARDED_AVAILABILITY = YES_AGGRESSIVE;
				CLANG_WARN_UNREACHABLE_CODE = YES;
				CLANG_WARN__DUPLICATE_METHOD_MATCH = YES;
				COPY_PHASE_STRIP = NO;
				DEBUG_INFORMATION_FORMAT = "dwarf-with-dsym";
				ENABLE_NS_ASSERTIONS = NO;
				ENABLE_STRICT_OBJC_MSGSEND = YES;
				GCC_C_LANGUAGE_STANDARD = gnu11;
				GCC_NO_COMMON_BLOCKS = YES;
				GCC_WARN_64_TO_32_BIT_CONVERSION = YES;
				GCC_WARN_ABOUT_RETURN_TYPE = YES_ERROR;
				GCC_WARN_UNDECLARED_SELECTOR = YES;
				GCC_WARN_UNINITIALIZED_AUTOS = YES_AGGRESSIVE;
				GCC_WARN_UNUSED_FUNCTION = YES;
				GCC_WARN_UNUSED_VARIABLE = YES;
				IPHONEOS_DEPLOYMENT_TARGET = 14.4;
				MTL_ENABLE_DEBUG_INFO = NO;
				MTL_FAST_MATH = YES;
				SDKROOT = iphoneos;
				SWIFT_COMPILATION_MODE = wholemodule;
				SWIFT_OPTIMIZATION_LEVEL = "-O";
				VALIDATE_PRODUCT = YES;
			};
			name = Release;
		};
		7734791625F58BBA00E53236 /* Debug */ = {
			isa = XCBuildConfiguration;
			buildSettings = {
				ASSETCATALOG_COMPILER_APPICON_NAME = AppIcon;
				ASSETCATALOG_COMPILER_GLOBAL_ACCENT_COLOR_NAME = AccentColor;
				CODE_SIGN_STYLE = Automatic;
				DEVELOPMENT_TEAM = CTY7B6C782;
				INFOPLIST_FILE = DegisimRehberi/Info.plist;
				LD_RUNPATH_SEARCH_PATHS = (
					"$(inherited)",
					"@executable_path/Frameworks",
				);
				PRODUCT_BUNDLE_IDENTIFIER = com.Candonmez.DegisimRehberi;
				PRODUCT_NAME = "$(TARGET_NAME)";
				SWIFT_VERSION = 5.0;
				TARGETED_DEVICE_FAMILY = "1,2";
			};
			name = Debug;
		};
		7734791725F58BBA00E53236 /* Release */ = {
			isa = XCBuildConfiguration;
			buildSettings = {
				ASSETCATALOG_COMPILER_APPICON_NAME = AppIcon;
				ASSETCATALOG_COMPILER_GLOBAL_ACCENT_COLOR_NAME = AccentColor;
				CODE_SIGN_STYLE = Automatic;
				DEVELOPMENT_TEAM = CTY7B6C782;
				INFOPLIST_FILE = DegisimRehberi/Info.plist;
				LD_RUNPATH_SEARCH_PATHS = (
					"$(inherited)",
					"@executable_path/Frameworks",
				);
				PRODUCT_BUNDLE_IDENTIFIER = com.Candonmez.DegisimRehberi;
				PRODUCT_NAME = "$(TARGET_NAME)";
				SWIFT_VERSION = 5.0;
				TARGETED_DEVICE_FAMILY = "1,2";
			};
			name = Release;
		};
/* End XCBuildConfiguration section */

/* Begin XCConfigurationList section */
		773478FC25F58BB700E53236 /* Build configuration list for PBXProject "DegisimRehberi" */ = {
			isa = XCConfigurationList;
			buildConfigurations = (
				7734791325F58BBA00E53236 /* Debug */,
				7734791425F58BBA00E53236 /* Release */,
			);
			defaultConfigurationIsVisible = 0;
			defaultConfigurationName = Release;
		};
		7734791525F58BBA00E53236 /* Build configuration list for PBXNativeTarget "DegisimRehberi" */ = {
			isa = XCConfigurationList;
			buildConfigurations = (
				7734791625F58BBA00E53236 /* Debug */,
				7734791725F58BBA00E53236 /* Release */,
			);
			defaultConfigurationIsVisible = 0;
			defaultConfigurationName = Release;
		};
/* End XCConfigurationList section */
	};
	rootObject = 773478F925F58BB700E53236 /* Project object */;
}
